// !$*UTF8*$!
{
	archiveVersion = 1;
	classes = {
	};
	objectVersion = 46;
	objects = {

/* Begin PBXBuildFile section */
		EEA35FDC1C8741BA00B44C85 /* AppDelegate.swift in Sources */ = {isa = PBXBuildFile; fileRef = EEA35FDB1C8741BA00B44C85 /* AppDelegate.swift */; };
		EEA35FDE1C8741BA00B44C85 /* ViewController.swift in Sources */ = {isa = PBXBuildFile; fileRef = EEA35FDD1C8741BA00B44C85 /* ViewController.swift */; };
		EEA35FE11C8741BA00B44C85 /* Main.storyboard in Resources */ = {isa = PBXBuildFile; fileRef = EEA35FDF1C8741BA00B44C85 /* Main.storyboard */; };
		EEA35FE41C8741BA00B44C85 /* stirngExtractor.xcdatamodeld in Sources */ = {isa = PBXBuildFile; fileRef = EEA35FE21C8741BA00B44C85 /* stirngExtractor.xcdatamodeld */; };
		EEA35FE61C8741BA00B44C85 /* Assets.xcassets in Resources */ = {isa = PBXBuildFile; fileRef = EEA35FE51C8741BA00B44C85 /* Assets.xcassets */; };
		EEA35FE91C8741BA00B44C85 /* LaunchScreen.storyboard in Resources */ = {isa = PBXBuildFile; fileRef = EEA35FE71C8741BA00B44C85 /* LaunchScreen.storyboard */; };
		EEA35FF41C8741BA00B44C85 /* stirngExtractorTests.swift in Sources */ = {isa = PBXBuildFile; fileRef = EEA35FF31C8741BA00B44C85 /* stirngExtractorTests.swift */; };
		EEA35FFF1C8741BA00B44C85 /* stirngExtractorUITests.swift in Sources */ = {isa = PBXBuildFile; fileRef = EEA35FFE1C8741BA00B44C85 /* stirngExtractorUITests.swift */; };
		EEA3600F1C87420700B44C85 /* stringExtractor.swift in Sources */ = {isa = PBXBuildFile; fileRef = EEA3600E1C87420700B44C85 /* stringExtractor.swift */; };
/* End PBXBuildFile section */

/* Begin PBXContainerItemProxy section */
		EEA35FF01C8741BA00B44C85 /* PBXContainerItemProxy */ = {
			isa = PBXContainerItemProxy;
			containerPortal = EEA35FD01C8741BA00B44C85 /* Project object */;
			proxyType = 1;
			remoteGlobalIDString = EEA35FD71C8741BA00B44C85;
			remoteInfo = stirngExtractor;
		};
		EEA35FFB1C8741BA00B44C85 /* PBXContainerItemProxy */ = {
			isa = PBXContainerItemProxy;
			containerPortal = EEA35FD01C8741BA00B44C85 /* Project object */;
			proxyType = 1;
			remoteGlobalIDString = EEA35FD71C8741BA00B44C85;
			remoteInfo = stirngExtractor;
		};
/* End PBXContainerItemProxy section */

/* Begin PBXFileReference section */
		EEA35FD81C8741BA00B44C85 /* stirngExtractor.app */ = {isa = PBXFileReference; explicitFileType = wrapper.application; includeInIndex = 0; path = stirngExtractor.app; sourceTree = BUILT_PRODUCTS_DIR; };
		EEA35FDB1C8741BA00B44C85 /* AppDelegate.swift */ = {isa = PBXFileReference; lastKnownFileType = sourcecode.swift; path = AppDelegate.swift; sourceTree = "<group>"; };
		EEA35FDD1C8741BA00B44C85 /* ViewController.swift */ = {isa = PBXFileReference; lastKnownFileType = sourcecode.swift; path = ViewController.swift; sourceTree = "<group>"; };
		EEA35FE01C8741BA00B44C85 /* Base */ = {isa = PBXFileReference; lastKnownFileType = file.storyboard; name = Base; path = Base.lproj/Main.storyboard; sourceTree = "<group>"; };
		EEA35FE31C8741BA00B44C85 /* stirngExtractor.xcdatamodel */ = {isa = PBXFileReference; lastKnownFileType = wrapper.xcdatamodel; path = stirngExtractor.xcdatamodel; sourceTree = "<group>"; };
		EEA35FE51C8741BA00B44C85 /* Assets.xcassets */ = {isa = PBXFileReference; lastKnownFileType = folder.assetcatalog; path = Assets.xcassets; sourceTree = "<group>"; };
		EEA35FE81C8741BA00B44C85 /* Base */ = {isa = PBXFileReference; lastKnownFileType = file.storyboard; name = Base; path = Base.lproj/LaunchScreen.storyboard; sourceTree = "<group>"; };
		EEA35FEA1C8741BA00B44C85 /* Info.plist */ = {isa = PBXFileReference; lastKnownFileType = text.plist.xml; path = Info.plist; sourceTree = "<group>"; };
		EEA35FEF1C8741BA00B44C85 /* stirngExtractorTests.xctest */ = {isa = PBXFileReference; explicitFileType = wrapper.cfbundle; includeInIndex = 0; path = stirngExtractorTests.xctest; sourceTree = BUILT_PRODUCTS_DIR; };
		EEA35FF31C8741BA00B44C85 /* stirngExtractorTests.swift */ = {isa = PBXFileReference; lastKnownFileType = sourcecode.swift; path = stirngExtractorTests.swift; sourceTree = "<group>"; };
		EEA35FF51C8741BA00B44C85 /* Info.plist */ = {isa = PBXFileReference; lastKnownFileType = text.plist.xml; path = Info.plist; sourceTree = "<group>"; };
		EEA35FFA1C8741BA00B44C85 /* stirngExtractorUITests.xctest */ = {isa = PBXFileReference; explicitFileType = wrapper.cfbundle; includeInIndex = 0; path = stirngExtractorUITests.xctest; sourceTree = BUILT_PRODUCTS_DIR; };
		EEA35FFE1C8741BA00B44C85 /* stirngExtractorUITests.swift */ = {isa = PBXFileReference; lastKnownFileType = sourcecode.swift; path = stirngExtractorUITests.swift; sourceTree = "<group>"; };
		EEA360001C8741BA00B44C85 /* Info.plist */ = {isa = PBXFileReference; lastKnownFileType = text.plist.xml; path = Info.plist; sourceTree = "<group>"; };
		EEA3600E1C87420700B44C85 /* stringExtractor.swift */ = {isa = PBXFileReference; fileEncoding = 4; lastKnownFileType = sourcecode.swift; path = stringExtractor.swift; sourceTree = "<group>"; };
/* End PBXFileReference section */

/* Begin PBXFrameworksBuildPhase section */
		EEA35FD51C8741BA00B44C85 /* Frameworks */ = {
			isa = PBXFrameworksBuildPhase;
			buildActionMask = 2147483647;
			files = (
			);
			runOnlyForDeploymentPostprocessing = 0;
		};
		EEA35FEC1C8741BA00B44C85 /* Frameworks */ = {
			isa = PBXFrameworksBuildPhase;
			buildActionMask = 2147483647;
			files = (
			);
			runOnlyForDeploymentPostprocessing = 0;
		};
		EEA35FF71C8741BA00B44C85 /* Frameworks */ = {
			isa = PBXFrameworksBuildPhase;
			buildActionMask = 2147483647;
			files = (
			);
			runOnlyForDeploymentPostprocessing = 0;
		};
/* End PBXFrameworksBuildPhase section */

/* Begin PBXGroup section */
		EEA35FCF1C8741BA00B44C85 = {
			isa = PBXGroup;
			children = (
				EEA35FDA1C8741BA00B44C85 /* stirngExtractor */,
				EEA35FF21C8741BA00B44C85 /* stirngExtractorTests */,
				EEA35FFD1C8741BA00B44C85 /* stirngExtractorUITests */,
				EEA35FD91C8741BA00B44C85 /* Products */,
			);
			sourceTree = "<group>";
		};
		EEA35FD91C8741BA00B44C85 /* Products */ = {
			isa = PBXGroup;
			children = (
				EEA35FD81C8741BA00B44C85 /* stirngExtractor.app */,
				EEA35FEF1C8741BA00B44C85 /* stirngExtractorTests.xctest */,
				EEA35FFA1C8741BA00B44C85 /* stirngExtractorUITests.xctest */,
			);
			name = Products;
			sourceTree = "<group>";
		};
		EEA35FDA1C8741BA00B44C85 /* stirngExtractor */ = {
			isa = PBXGroup;
			children = (
				EEA3600E1C87420700B44C85 /* stringExtractor.swift */,
				EEA35FDB1C8741BA00B44C85 /* AppDelegate.swift */,
				EEA35FDD1C8741BA00B44C85 /* ViewController.swift */,
				EEA35FDF1C8741BA00B44C85 /* Main.storyboard */,
				EEA35FE51C8741BA00B44C85 /* Assets.xcassets */,
				EEA35FE71C8741BA00B44C85 /* LaunchScreen.storyboard */,
				EEA35FEA1C8741BA00B44C85 /* Info.plist */,
				EEA35FE21C8741BA00B44C85 /* stirngExtractor.xcdatamodeld */,
			);
			path = stirngExtractor;
			sourceTree = "<group>";
		};
		EEA35FF21C8741BA00B44C85 /* stirngExtractorTests */ = {
			isa = PBXGroup;
			children = (
				EEA35FF31C8741BA00B44C85 /* stirngExtractorTests.swift */,
				EEA35FF51C8741BA00B44C85 /* Info.plist */,
			);
			path = stirngExtractorTests;
			sourceTree = "<group>";
		};
		EEA35FFD1C8741BA00B44C85 /* stirngExtractorUITests */ = {
			isa = PBXGroup;
			children = (
				EEA35FFE1C8741BA00B44C85 /* stirngExtractorUITests.swift */,
				EEA360001C8741BA00B44C85 /* Info.plist */,
			);
			path = stirngExtractorUITests;
			sourceTree = "<group>";
		};
/* End PBXGroup section */

/* Begin PBXNativeTarget section */
		EEA35FD71C8741BA00B44C85 /* stirngExtractor */ = {
			isa = PBXNativeTarget;
			buildConfigurationList = EEA360031C8741BA00B44C85 /* Build configuration list for PBXNativeTarget "stirngExtractor" */;
			buildPhases = (
				EEA35FD41C8741BA00B44C85 /* Sources */,
				EEA35FD51C8741BA00B44C85 /* Frameworks */,
				EEA35FD61C8741BA00B44C85 /* Resources */,
			);
			buildRules = (
			);
			dependencies = (
			);
			name = stirngExtractor;
			productName = stirngExtractor;
			productReference = EEA35FD81C8741BA00B44C85 /* stirngExtractor.app */;
			productType = "com.apple.product-type.application";
		};
		EEA35FEE1C8741BA00B44C85 /* stirngExtractorTests */ = {
			isa = PBXNativeTarget;
			buildConfigurationList = EEA360061C8741BA00B44C85 /* Build configuration list for PBXNativeTarget "stirngExtractorTests" */;
			buildPhases = (
				EEA35FEB1C8741BA00B44C85 /* Sources */,
				EEA35FEC1C8741BA00B44C85 /* Frameworks */,
				EEA35FED1C8741BA00B44C85 /* Resources */,
			);
			buildRules = (
			);
			dependencies = (
				EEA35FF11C8741BA00B44C85 /* PBXTargetDependency */,
			);
			name = stirngExtractorTests;
			productName = stirngExtractorTests;
			productReference = EEA35FEF1C8741BA00B44C85 /* stirngExtractorTests.xctest */;
			productType = "com.apple.product-type.bundle.unit-test";
		};
		EEA35FF91C8741BA00B44C85 /* stirngExtractorUITests */ = {
			isa = PBXNativeTarget;
			buildConfigurationList = EEA360091C8741BA00B44C85 /* Build configuration list for PBXNativeTarget "stirngExtractorUITests" */;
			buildPhases = (
				EEA35FF61C8741BA00B44C85 /* Sources */,
				EEA35FF71C8741BA00B44C85 /* Frameworks */,
				EEA35FF81C8741BA00B44C85 /* Resources */,
			);
			buildRules = (
			);
			dependencies = (
				EEA35FFC1C8741BA00B44C85 /* PBXTargetDependency */,
			);
			name = stirngExtractorUITests;
			productName = stirngExtractorUITests;
			productReference = EEA35FFA1C8741BA00B44C85 /* stirngExtractorUITests.xctest */;
			productType = "com.apple.product-type.bundle.ui-testing";
		};
/* End PBXNativeTarget section */

/* Begin PBXProject section */
		EEA35FD01C8741BA00B44C85 /* Project object */ = {
			isa = PBXProject;
			attributes = {
				LastSwiftUpdateCheck = 0730;
				LastUpgradeCheck = 0730;
				ORGANIZATIONNAME = "Liwei Zhang";
				TargetAttributes = {
					EEA35FD71C8741BA00B44C85 = {
						CreatedOnToolsVersion = 7.3;
					};
					EEA35FEE1C8741BA00B44C85 = {
						CreatedOnToolsVersion = 7.3;
						TestTargetID = EEA35FD71C8741BA00B44C85;
					};
					EEA35FF91C8741BA00B44C85 = {
						CreatedOnToolsVersion = 7.3;
						TestTargetID = EEA35FD71C8741BA00B44C85;
					};
				};
			};
			buildConfigurationList = EEA35FD31C8741BA00B44C85 /* Build configuration list for PBXProject "stirngExtractor" */;
			compatibilityVersion = "Xcode 3.2";
			developmentRegion = English;
			hasScannedForEncodings = 0;
			knownRegions = (
				en,
				Base,
			);
			mainGroup = EEA35FCF1C8741BA00B44C85;
			productRefGroup = EEA35FD91C8741BA00B44C85 /* Products */;
			projectDirPath = "";
			projectRoot = "";
			targets = (
				EEA35FD71C8741BA00B44C85 /* stirngExtractor */,
				EEA35FEE1C8741BA00B44C85 /* stirngExtractorTests */,
				EEA35FF91C8741BA00B44C85 /* stirngExtractorUITests */,
			);
		};
/* End PBXProject section */

/* Begin PBXResourcesBuildPhase section */
		EEA35FD61C8741BA00B44C85 /* Resources */ = {
			isa = PBXResourcesBuildPhase;
			buildActionMask = 2147483647;
			files = (
				EEA35FE91C8741BA00B44C85 /* LaunchScreen.storyboard in Resources */,
				EEA35FE61C8741BA00B44C85 /* Assets.xcassets in Resources */,
				EEA35FE11C8741BA00B44C85 /* Main.storyboard in Resources */,
			);
			runOnlyForDeploymentPostprocessing = 0;
		};
		EEA35FED1C8741BA00B44C85 /* Resources */ = {
			isa = PBXResourcesBuildPhase;
			buildActionMask = 2147483647;
			files = (
			);
			runOnlyForDeploymentPostprocessing = 0;
		};
		EEA35FF81C8741BA00B44C85 /* Resources */ = {
			isa = PBXResourcesBuildPhase;
			buildActionMask = 2147483647;
			files = (
			);
			runOnlyForDeploymentPostprocessing = 0;
		};
/* End PBXResourcesBuildPhase section */

/* Begin PBXSourcesBuildPhase section */
		EEA35FD41C8741BA00B44C85 /* Sources */ = {
			isa = PBXSourcesBuildPhase;
			buildActionMask = 2147483647;
			files = (
				EEA35FE41C8741BA00B44C85 /* stirngExtractor.xcdatamodeld in Sources */,
				EEA35FDE1C8741BA00B44C85 /* ViewController.swift in Sources */,
				EEA35FDC1C8741BA00B44C85 /* AppDelegate.swift in Sources */,
				EEA3600F1C87420700B44C85 /* stringExtractor.swift in Sources */,
			);
			runOnlyForDeploymentPostprocessing = 0;
		};
		EEA35FEB1C8741BA00B44C85 /* Sources */ = {
			isa = PBXSourcesBuildPhase;
			buildActionMask = 2147483647;
			files = (
				EEA35FF41C8741BA00B44C85 /* stirngExtractorTests.swift in Sources */,
			);
			runOnlyForDeploymentPostprocessing = 0;
		};
		EEA35FF61C8741BA00B44C85 /* Sources */ = {
			isa = PBXSourcesBuildPhase;
			buildActionMask = 2147483647;
			files = (
				EEA35FFF1C8741BA00B44C85 /* stirngExtractorUITests.swift in Sources */,
			);
			runOnlyForDeploymentPostprocessing = 0;
		};
/* End PBXSourcesBuildPhase section */

/* Begin PBXTargetDependency section */
		EEA35FF11C8741BA00B44C85 /* PBXTargetDependency */ = {
			isa = PBXTargetDependency;
			target = EEA35FD71C8741BA00B44C85 /* stirngExtractor */;
			targetProxy = EEA35FF01C8741BA00B44C85 /* PBXContainerItemProxy */;
		};
		EEA35FFC1C8741BA00B44C85 /* PBXTargetDependency */ = {
			isa = PBXTargetDependency;
			target = EEA35FD71C8741BA00B44C85 /* stirngExtractor */;
			targetProxy = EEA35FFB1C8741BA00B44C85 /* PBXContainerItemProxy */;
		};
/* End PBXTargetDependency section */

/* Begin PBXVariantGroup section */
		EEA35FDF1C8741BA00B44C85 /* Main.storyboard */ = {
			isa = PBXVariantGroup;
			children = (
				EEA35FE01C8741BA00B44C85 /* Base */,
			);
			name = Main.storyboard;
			sourceTree = "<group>";
		};
		EEA35FE71C8741BA00B44C85 /* LaunchScreen.storyboard */ = {
			isa = PBXVariantGroup;
			children = (
				EEA35FE81C8741BA00B44C85 /* Base */,
			);
			name = LaunchScreen.storyboard;
			sourceTree = "<group>";
		};
/* End PBXVariantGroup section */

/* Begin XCBuildConfiguration section */
		EEA360011C8741BA00B44C85 /* Debug */ = {
			isa = XCBuildConfiguration;
			buildSettings = {
				ALWAYS_SEARCH_USER_PATHS = NO;
				CLANG_ANALYZER_NONNULL = YES;
				CLANG_CXX_LANGUAGE_STANDARD = "gnu++0x";
				CLANG_CXX_LIBRARY = "libc++";
				CLANG_ENABLE_MODULES = YES;
				CLANG_ENABLE_OBJC_ARC = YES;
				CLANG_WARN_BOOL_CONVERSION = YES;
				CLANG_WARN_CONSTANT_CONVERSION = YES;
				CLANG_WARN_DIRECT_OBJC_ISA_USAGE = YES_ERROR;
				CLANG_WARN_EMPTY_BODY = YES;
				CLANG_WARN_ENUM_CONVERSION = YES;
				CLANG_WARN_INT_CONVERSION = YES;
				CLANG_WARN_OBJC_ROOT_CLASS = YES_ERROR;
				CLANG_WARN_UNREACHABLE_CODE = YES;
				CLANG_WARN__DUPLICATE_METHOD_MATCH = YES;
				"CODE_SIGN_IDENTITY[sdk=iphoneos*]" = "iPhone Developer";
				COPY_PHASE_STRIP = NO;
				DEBUG_INFORMATION_FORMAT = dwarf;
				ENABLE_STRICT_OBJC_MSGSEND = YES;
				ENABLE_TESTABILITY = YES;
				GCC_C_LANGUAGE_STANDARD = gnu99;
				GCC_DYNAMIC_NO_PIC = NO;
				GCC_NO_COMMON_BLOCKS = YES;
				GCC_OPTIMIZATION_LEVEL = 0;
				GCC_PREPROCESSOR_DEFINITIONS = (
					"DEBUG=1",
					"$(inherited)",
				);
				GCC_WARN_64_TO_32_BIT_CONVERSION = YES;
				GCC_WARN_ABOUT_RETURN_TYPE = YES_ERROR;
				GCC_WARN_UNDECLARED_SELECTOR = YES;
				GCC_WARN_UNINITIALIZED_AUTOS = YES_AGGRESSIVE;
				GCC_WARN_UNUSED_FUNCTION = YES;
				GCC_WARN_UNUSED_VARIABLE = YES;
				IPHONEOS_DEPLOYMENT_TARGET = 9.3;
				MTL_ENABLE_DEBUG_INFO = YES;
				ONLY_ACTIVE_ARCH = YES;
				SDKROOT = iphoneos;
				SWIFT_OPTIMIZATION_LEVEL = "-Onone";
				TARGETED_DEVICE_FAMILY = "1,2";
			};
			name = Debug;
		};
		EEA360021C8741BA00B44C85 /* Release */ = {
			isa = XCBuildConfiguration;
			buildSettings = {
				ALWAYS_SEARCH_USER_PATHS = NO;
				CLANG_ANALYZER_NONNULL = YES;
				CLANG_CXX_LANGUAGE_STANDARD = "gnu++0x";
				CLANG_CXX_LIBRARY = "libc++";
				CLANG_ENABLE_MODULES = YES;
				CLANG_ENABLE_OBJC_ARC = YES;
				CLANG_WARN_BOOL_CONVERSION = YES;
				CLANG_WARN_CONSTANT_CONVERSION = YES;
				CLANG_WARN_DIRECT_OBJC_ISA_USAGE = YES_ERROR;
				CLANG_WARN_EMPTY_BODY = YES;
				CLANG_WARN_ENUM_CONVERSION = YES;
				CLANG_WARN_INT_CONVERSION = YES;
				CLANG_WARN_OBJC_ROOT_CLASS = YES_ERROR;
				CLANG_WARN_UNREACHABLE_CODE = YES;
				CLANG_WARN__DUPLICATE_METHOD_MATCH = YES;
				"CODE_SIGN_IDENTITY[sdk=iphoneos*]" = "iPhone Developer";
				COPY_PHASE_STRIP = NO;
				DEBUG_INFORMATION_FORMAT = "dwarf-with-dsym";
				ENABLE_NS_ASSERTIONS = NO;
				ENABLE_STRICT_OBJC_MSGSEND = YES;
				GCC_C_LANGUAGE_STANDARD = gnu99;
				GCC_NO_COMMON_BLOCKS = YES;
				GCC_WARN_64_TO_32_BIT_CONVERSION = YES;
				GCC_WARN_ABOUT_RETURN_TYPE = YES_ERROR;
				GCC_WARN_UNDECLARED_SELECTOR = YES;
				GCC_WARN_UNINITIALIZED_AUTOS = YES_AGGRESSIVE;
				GCC_WARN_UNUSED_FUNCTION = YES;
				GCC_WARN_UNUSED_VARIABLE = YES;
				IPHONEOS_DEPLOYMENT_TARGET = 9.3;
				MTL_ENABLE_DEBUG_INFO = NO;
				SDKROOT = iphoneos;
				TARGETED_DEVICE_FAMILY = "1,2";
				VALIDATE_PRODUCT = YES;
			};
			name = Release;
		};
		EEA360041C8741BA00B44C85 /* Debug */ = {
			isa = XCBuildConfiguration;
			buildSettings = {
				ASSETCATALOG_COMPILER_APPICON_NAME = AppIcon;
				INFOPLIST_FILE = stirngExtractor/Info.plist;
				LD_RUNPATH_SEARCH_PATHS = "$(inherited) @executable_path/Frameworks";
				PRODUCT_BUNDLE_IDENTIFIER = com.remolet.stirngExtractor;
				PRODUCT_NAME = "$(TARGET_NAME)";
			};
			name = Debug;
		};
		EEA360051C8741BA00B44C85 /* Release */ = {
			isa = XCBuildConfiguration;
			buildSettings = {
				ASSETCATALOG_COMPILER_APPICON_NAME = AppIcon;
				INFOPLIST_FILE = stirngExtractor/Info.plist;
				LD_RUNPATH_SEARCH_PATHS = "$(inherited) @executable_path/Frameworks";
				PRODUCT_BUNDLE_IDENTIFIER = com.remolet.stirngExtractor;
				PRODUCT_NAME = "$(TARGET_NAME)";
			};
			name = Release;
		};
		EEA360071C8741BA00B44C85 /* Debug */ = {
			isa = XCBuildConfiguration;
			buildSettings = {
				BUNDLE_LOADER = "$(TEST_HOST)";
				INFOPLIST_FILE = stirngExtractorTests/Info.plist;
				LD_RUNPATH_SEARCH_PATHS = "$(inherited) @executable_path/Frameworks @loader_path/Frameworks";
				PRODUCT_BUNDLE_IDENTIFIER = com.remolet.stirngExtractorTests;
				PRODUCT_NAME = "$(TARGET_NAME)";
				TEST_HOST = "$(BUILT_PRODUCTS_DIR)/stirngExtractor.app/stirngExtractor";
			};
			name = Debug;
		};
		EEA360081C8741BA00B44C85 /* Release */ = {
			isa = XCBuildConfiguration;
			buildSettings = {
				BUNDLE_LOADER = "$(TEST_HOST)";
				INFOPLIST_FILE = stirngExtractorTests/Info.plist;
				LD_RUNPATH_SEARCH_PATHS = "$(inherited) @executable_path/Frameworks @loader_path/Frameworks";
				PRODUCT_BUNDLE_IDENTIFIER = com.remolet.stirngExtractorTests;
				PRODUCT_NAME = "$(TARGET_NAME)";
				TEST_HOST = "$(BUILT_PRODUCTS_DIR)/stirngExtractor.app/stirngExtractor";
			};
			name = Release;
		};
		EEA3600A1C8741BA00B44C85 /* Debug */ = {
			isa = XCBuildConfiguration;
			buildSettings = {
				INFOPLIST_FILE = stirngExtractorUITests/Info.plist;
				LD_RUNPATH_SEARCH_PATHS = "$(inherited) @executable_path/Frameworks @loader_path/Frameworks";
				PRODUCT_BUNDLE_IDENTIFIER = com.remolet.stirngExtractorUITests;
				PRODUCT_NAME = "$(TARGET_NAME)";
				TEST_TARGET_NAME = stirngExtractor;
			};
			name = Debug;
		};
		EEA3600B1C8741BA00B44C85 /* Release */ = {
			isa = XCBuildConfiguration;
			buildSettings = {
				INFOPLIST_FILE = stirngExtractorUITests/Info.plist;
				LD_RUNPATH_SEARCH_PATHS = "$(inherited) @executable_path/Frameworks @loader_path/Frameworks";
				PRODUCT_BUNDLE_IDENTIFIER = com.remolet.stirngExtractorUITests;
				PRODUCT_NAME = "$(TARGET_NAME)";
				TEST_TARGET_NAME = stirngExtractor;
			};
			name = Release;
		};
/* End XCBuildConfiguration section */

/* Begin XCConfigurationList section */
		EEA35FD31C8741BA00B44C85 /* Build configuration list for PBXProject "stirngExtractor" */ = {
			isa = XCConfigurationList;
			buildConfigurations = (
				EEA360011C8741BA00B44C85 /* Debug */,
				EEA360021C8741BA00B44C85 /* Release */,
			);
			defaultConfigurationIsVisible = 0;
			defaultConfigurationName = Release;
		};
		EEA360031C8741BA00B44C85 /* Build configuration list for PBXNativeTarget "stirngExtractor" */ = {
			isa = XCConfigurationList;
			buildConfigurations = (
				EEA360041C8741BA00B44C85 /* Debug */,
				EEA360051C8741BA00B44C85 /* Release */,
			);
			defaultConfigurationIsVisible = 0;
		};
		EEA360061C8741BA00B44C85 /* Build configuration list for PBXNativeTarget "stirngExtractorTests" */ = {
			isa = XCConfigurationList;
			buildConfigurations = (
				EEA360071C8741BA00B44C85 /* Debug */,
				EEA360081C8741BA00B44C85 /* Release */,
			);
			defaultConfigurationIsVisible = 0;
		};
		EEA360091C8741BA00B44C85 /* Build configuration list for PBXNativeTarget "stirngExtractorUITests" */ = {
			isa = XCConfigurationList;
			buildConfigurations = (
				EEA3600A1C8741BA00B44C85 /* Debug */,
				EEA3600B1C8741BA00B44C85 /* Release */,
			);
			defaultConfigurationIsVisible = 0;
		};
/* End XCConfigurationList section */

/* Begin XCVersionGroup section */
		EEA35FE21C8741BA00B44C85 /* stirngExtractor.xcdatamodeld */ = {
			isa = XCVersionGroup;
			children = (
				EEA35FE31C8741BA00B44C85 /* stirngExtractor.xcdatamodel */,
			);
			currentVersion = EEA35FE31C8741BA00B44C85 /* stirngExtractor.xcdatamodel */;
			path = stirngExtractor.xcdatamodeld;
			sourceTree = "<group>";
			versionGroupType = wrapper.xcdatamodel;
		};
/* End XCVersionGroup section */
	};
	rootObject = EEA35FD01C8741BA00B44C85 /* Project object */;
}
