// !$*UTF8*$!
{
	archiveVersion = 1;
	classes = {
	};
	objectVersion = 46;
	objects = {

/* Begin PBXBuildFile section */
		EE2048F91C6722B700F0E1FA /* CGPointExtension.swift in Sources */ = {isa = PBXBuildFile; fileRef = EE2048F81C6722B700F0E1FA /* CGPointExtension.swift */; };
		EE9AF6451C6314C000BCFE95 /* Ctx.swift in Sources */ = {isa = PBXBuildFile; fileRef = EE9AF6441C6314C000BCFE95 /* Ctx.swift */; };
		EED9AA0C1C5DDDC900AA7A34 /* AppDelegate.swift in Sources */ = {isa = PBXBuildFile; fileRef = EED9AA0B1C5DDDC900AA7A34 /* AppDelegate.swift */; };
		EED9AA0E1C5DDDC900AA7A34 /* ViewController.swift in Sources */ = {isa = PBXBuildFile; fileRef = EED9AA0D1C5DDDC900AA7A34 /* ViewController.swift */; };
		EED9AA131C5DDDC900AA7A34 /* Assets.xcassets in Resources */ = {isa = PBXBuildFile; fileRef = EED9AA121C5DDDC900AA7A34 /* Assets.xcassets */; };
		EED9AA211C5DDDC900AA7A34 /* textCtxTransitionAnimationTests.swift in Sources */ = {isa = PBXBuildFile; fileRef = EED9AA201C5DDDC900AA7A34 /* textCtxTransitionAnimationTests.swift */; };
		EED9AA2C1C5DDDC900AA7A34 /* textCtxTransitionAnimationUITests.swift in Sources */ = {isa = PBXBuildFile; fileRef = EED9AA2B1C5DDDC900AA7A34 /* textCtxTransitionAnimationUITests.swift */; };
		EED9AA3A1C5DDEEC00AA7A34 /* ModuleData.swift in Sources */ = {isa = PBXBuildFile; fileRef = EED9AA391C5DDEEC00AA7A34 /* ModuleData.swift */; };
		EED9AA3E1C5DE20300AA7A34 /* Line.swift in Sources */ = {isa = PBXBuildFile; fileRef = EED9AA3D1C5DE20300AA7A34 /* Line.swift */; };
		EED9AA421C5F278C00AA7A34 /* UtilFuncs.swift in Sources */ = {isa = PBXBuildFile; fileRef = EED9AA411C5F278C00AA7A34 /* UtilFuncs.swift */; };
		EED9AA441C61DA4600AA7A34 /* UITextViewExtension.swift in Sources */ = {isa = PBXBuildFile; fileRef = EED9AA431C61DA4600AA7A34 /* UITextViewExtension.swift */; };
/* End PBXBuildFile section */

/* Begin PBXContainerItemProxy section */
		EED9AA1D1C5DDDC900AA7A34 /* PBXContainerItemProxy */ = {
			isa = PBXContainerItemProxy;
			containerPortal = EED9AA001C5DDDC900AA7A34 /* Project object */;
			proxyType = 1;
			remoteGlobalIDString = EED9AA071C5DDDC900AA7A34;
			remoteInfo = textCtxTransitionAnimation;
		};
		EED9AA281C5DDDC900AA7A34 /* PBXContainerItemProxy */ = {
			isa = PBXContainerItemProxy;
			containerPortal = EED9AA001C5DDDC900AA7A34 /* Project object */;
			proxyType = 1;
			remoteGlobalIDString = EED9AA071C5DDDC900AA7A34;
			remoteInfo = textCtxTransitionAnimation;
		};
/* End PBXContainerItemProxy section */

/* Begin PBXFileReference section */
		EE2048F81C6722B700F0E1FA /* CGPointExtension.swift */ = {isa = PBXFileReference; fileEncoding = 4; lastKnownFileType = sourcecode.swift; path = CGPointExtension.swift; sourceTree = "<group>"; };
		EE9AF6441C6314C000BCFE95 /* Ctx.swift */ = {isa = PBXFileReference; fileEncoding = 4; lastKnownFileType = sourcecode.swift; path = Ctx.swift; sourceTree = "<group>"; };
		EED9AA081C5DDDC900AA7A34 /* textCtxTransitionAnimation.app */ = {isa = PBXFileReference; explicitFileType = wrapper.application; includeInIndex = 0; path = textCtxTransitionAnimation.app; sourceTree = BUILT_PRODUCTS_DIR; };
		EED9AA0B1C5DDDC900AA7A34 /* AppDelegate.swift */ = {isa = PBXFileReference; lastKnownFileType = sourcecode.swift; path = AppDelegate.swift; sourceTree = "<group>"; };
		EED9AA0D1C5DDDC900AA7A34 /* ViewController.swift */ = {isa = PBXFileReference; lastKnownFileType = sourcecode.swift; path = ViewController.swift; sourceTree = "<group>"; };
		EED9AA121C5DDDC900AA7A34 /* Assets.xcassets */ = {isa = PBXFileReference; lastKnownFileType = folder.assetcatalog; path = Assets.xcassets; sourceTree = "<group>"; };
		EED9AA171C5DDDC900AA7A34 /* Info.plist */ = {isa = PBXFileReference; lastKnownFileType = text.plist.xml; path = Info.plist; sourceTree = "<group>"; };
		EED9AA1C1C5DDDC900AA7A34 /* textCtxTransitionAnimationTests.xctest */ = {isa = PBXFileReference; explicitFileType = wrapper.cfbundle; includeInIndex = 0; path = textCtxTransitionAnimationTests.xctest; sourceTree = BUILT_PRODUCTS_DIR; };
		EED9AA201C5DDDC900AA7A34 /* textCtxTransitionAnimationTests.swift */ = {isa = PBXFileReference; lastKnownFileType = sourcecode.swift; path = textCtxTransitionAnimationTests.swift; sourceTree = "<group>"; };
		EED9AA221C5DDDC900AA7A34 /* Info.plist */ = {isa = PBXFileReference; lastKnownFileType = text.plist.xml; path = Info.plist; sourceTree = "<group>"; };
		EED9AA271C5DDDC900AA7A34 /* textCtxTransitionAnimationUITests.xctest */ = {isa = PBXFileReference; explicitFileType = wrapper.cfbundle; includeInIndex = 0; path = textCtxTransitionAnimationUITests.xctest; sourceTree = BUILT_PRODUCTS_DIR; };
		EED9AA2B1C5DDDC900AA7A34 /* textCtxTransitionAnimationUITests.swift */ = {isa = PBXFileReference; lastKnownFileType = sourcecode.swift; path = textCtxTransitionAnimationUITests.swift; sourceTree = "<group>"; };
		EED9AA2D1C5DDDC900AA7A34 /* Info.plist */ = {isa = PBXFileReference; lastKnownFileType = text.plist.xml; path = Info.plist; sourceTree = "<group>"; };
		EED9AA391C5DDEEC00AA7A34 /* ModuleData.swift */ = {isa = PBXFileReference; fileEncoding = 4; lastKnownFileType = sourcecode.swift; path = ModuleData.swift; sourceTree = "<group>"; };
		EED9AA3D1C5DE20300AA7A34 /* Line.swift */ = {isa = PBXFileReference; fileEncoding = 4; lastKnownFileType = sourcecode.swift; path = Line.swift; sourceTree = "<group>"; };
		EED9AA411C5F278C00AA7A34 /* UtilFuncs.swift */ = {isa = PBXFileReference; fileEncoding = 4; lastKnownFileType = sourcecode.swift; path = UtilFuncs.swift; sourceTree = "<group>"; };
		EED9AA431C61DA4600AA7A34 /* UITextViewExtension.swift */ = {isa = PBXFileReference; fileEncoding = 4; lastKnownFileType = sourcecode.swift; path = UITextViewExtension.swift; sourceTree = "<group>"; };
/* End PBXFileReference section */

/* Begin PBXFrameworksBuildPhase section */
		EED9AA051C5DDDC900AA7A34 /* Frameworks */ = {
			isa = PBXFrameworksBuildPhase;
			buildActionMask = 2147483647;
			files = (
			);
			runOnlyForDeploymentPostprocessing = 0;
		};
		EED9AA191C5DDDC900AA7A34 /* Frameworks */ = {
			isa = PBXFrameworksBuildPhase;
			buildActionMask = 2147483647;
			files = (
			);
			runOnlyForDeploymentPostprocessing = 0;
		};
		EED9AA241C5DDDC900AA7A34 /* Frameworks */ = {
			isa = PBXFrameworksBuildPhase;
			buildActionMask = 2147483647;
			files = (
			);
			runOnlyForDeploymentPostprocessing = 0;
		};
/* End PBXFrameworksBuildPhase section */

/* Begin PBXGroup section */
		EED9A9FF1C5DDDC900AA7A34 = {
			isa = PBXGroup;
			children = (
				EED9AA0A1C5DDDC900AA7A34 /* textCtxTransitionAnimation */,
				EED9AA1F1C5DDDC900AA7A34 /* textCtxTransitionAnimationTests */,
				EED9AA2A1C5DDDC900AA7A34 /* textCtxTransitionAnimationUITests */,
				EED9AA091C5DDDC900AA7A34 /* Products */,
			);
			sourceTree = "<group>";
		};
		EED9AA091C5DDDC900AA7A34 /* Products */ = {
			isa = PBXGroup;
			children = (
				EED9AA081C5DDDC900AA7A34 /* textCtxTransitionAnimation.app */,
				EED9AA1C1C5DDDC900AA7A34 /* textCtxTransitionAnimationTests.xctest */,
				EED9AA271C5DDDC900AA7A34 /* textCtxTransitionAnimationUITests.xctest */,
			);
			name = Products;
			sourceTree = "<group>";
		};
		EED9AA0A1C5DDDC900AA7A34 /* textCtxTransitionAnimation */ = {
			isa = PBXGroup;
			children = (
				EED9AA0B1C5DDDC900AA7A34 /* AppDelegate.swift */,
				EED9AA0D1C5DDDC900AA7A34 /* ViewController.swift */,
				EED9AA121C5DDDC900AA7A34 /* Assets.xcassets */,
				EED9AA171C5DDDC900AA7A34 /* Info.plist */,
				EED9AA391C5DDEEC00AA7A34 /* ModuleData.swift */,
				EED9AA411C5F278C00AA7A34 /* UtilFuncs.swift */,
				EE2048F81C6722B700F0E1FA /* CGPointExtension.swift */,
				EED9AA431C61DA4600AA7A34 /* UITextViewExtension.swift */,
				EED9AA3D1C5DE20300AA7A34 /* Line.swift */,
				EE9AF6441C6314C000BCFE95 /* Ctx.swift */,
			);
			path = textCtxTransitionAnimation;
			sourceTree = "<group>";
		};
		EED9AA1F1C5DDDC900AA7A34 /* textCtxTransitionAnimationTests */ = {
			isa = PBXGroup;
			children = (
				EED9AA201C5DDDC900AA7A34 /* textCtxTransitionAnimationTests.swift */,
				EED9AA221C5DDDC900AA7A34 /* Info.plist */,
			);
			path = textCtxTransitionAnimationTests;
			sourceTree = "<group>";
		};
		EED9AA2A1C5DDDC900AA7A34 /* textCtxTransitionAnimationUITests */ = {
			isa = PBXGroup;
			children = (
				EED9AA2B1C5DDDC900AA7A34 /* textCtxTransitionAnimationUITests.swift */,
				EED9AA2D1C5DDDC900AA7A34 /* Info.plist */,
			);
			path = textCtxTransitionAnimationUITests;
			sourceTree = "<group>";
		};
/* End PBXGroup section */

/* Begin PBXNativeTarget section */
		EED9AA071C5DDDC900AA7A34 /* textCtxTransitionAnimation */ = {
			isa = PBXNativeTarget;
			buildConfigurationList = EED9AA301C5DDDC900AA7A34 /* Build configuration list for PBXNativeTarget "textCtxTransitionAnimation" */;
			buildPhases = (
				EED9AA041C5DDDC900AA7A34 /* Sources */,
				EED9AA051C5DDDC900AA7A34 /* Frameworks */,
				EED9AA061C5DDDC900AA7A34 /* Resources */,
			);
			buildRules = (
			);
			dependencies = (
			);
			name = textCtxTransitionAnimation;
			productName = textCtxTransitionAnimation;
			productReference = EED9AA081C5DDDC900AA7A34 /* textCtxTransitionAnimation.app */;
			productType = "com.apple.product-type.application";
		};
		EED9AA1B1C5DDDC900AA7A34 /* textCtxTransitionAnimationTests */ = {
			isa = PBXNativeTarget;
			buildConfigurationList = EED9AA331C5DDDC900AA7A34 /* Build configuration list for PBXNativeTarget "textCtxTransitionAnimationTests" */;
			buildPhases = (
				EED9AA181C5DDDC900AA7A34 /* Sources */,
				EED9AA191C5DDDC900AA7A34 /* Frameworks */,
				EED9AA1A1C5DDDC900AA7A34 /* Resources */,
			);
			buildRules = (
			);
			dependencies = (
				EED9AA1E1C5DDDC900AA7A34 /* PBXTargetDependency */,
			);
			name = textCtxTransitionAnimationTests;
			productName = textCtxTransitionAnimationTests;
			productReference = EED9AA1C1C5DDDC900AA7A34 /* textCtxTransitionAnimationTests.xctest */;
			productType = "com.apple.product-type.bundle.unit-test";
		};
		EED9AA261C5DDDC900AA7A34 /* textCtxTransitionAnimationUITests */ = {
			isa = PBXNativeTarget;
			buildConfigurationList = EED9AA361C5DDDC900AA7A34 /* Build configuration list for PBXNativeTarget "textCtxTransitionAnimationUITests" */;
			buildPhases = (
				EED9AA231C5DDDC900AA7A34 /* Sources */,
				EED9AA241C5DDDC900AA7A34 /* Frameworks */,
				EED9AA251C5DDDC900AA7A34 /* Resources */,
			);
			buildRules = (
			);
			dependencies = (
				EED9AA291C5DDDC900AA7A34 /* PBXTargetDependency */,
			);
			name = textCtxTransitionAnimationUITests;
			productName = textCtxTransitionAnimationUITests;
			productReference = EED9AA271C5DDDC900AA7A34 /* textCtxTransitionAnimationUITests.xctest */;
			productType = "com.apple.product-type.bundle.ui-testing";
		};
/* End PBXNativeTarget section */

/* Begin PBXProject section */
		EED9AA001C5DDDC900AA7A34 /* Project object */ = {
			isa = PBXProject;
			attributes = {
				LastSwiftUpdateCheck = 0720;
				LastUpgradeCheck = 0720;
				ORGANIZATIONNAME = "Liwei Zhang";
				TargetAttributes = {
					EED9AA071C5DDDC900AA7A34 = {
						CreatedOnToolsVersion = 7.2;
					};
					EED9AA1B1C5DDDC900AA7A34 = {
						CreatedOnToolsVersion = 7.2;
						TestTargetID = EED9AA071C5DDDC900AA7A34;
					};
					EED9AA261C5DDDC900AA7A34 = {
						CreatedOnToolsVersion = 7.2;
						TestTargetID = EED9AA071C5DDDC900AA7A34;
					};
				};
			};
			buildConfigurationList = EED9AA031C5DDDC900AA7A34 /* Build configuration list for PBXProject "textCtxTransitionAnimation" */;
			compatibilityVersion = "Xcode 3.2";
			developmentRegion = English;
			hasScannedForEncodings = 0;
			knownRegions = (
				en,
				Base,
			);
			mainGroup = EED9A9FF1C5DDDC900AA7A34;
			productRefGroup = EED9AA091C5DDDC900AA7A34 /* Products */;
			projectDirPath = "";
			projectRoot = "";
			targets = (
				EED9AA071C5DDDC900AA7A34 /* textCtxTransitionAnimation */,
				EED9AA1B1C5DDDC900AA7A34 /* textCtxTransitionAnimationTests */,
				EED9AA261C5DDDC900AA7A34 /* textCtxTransitionAnimationUITests */,
			);
		};
/* End PBXProject section */

/* Begin PBXResourcesBuildPhase section */
		EED9AA061C5DDDC900AA7A34 /* Resources */ = {
			isa = PBXResourcesBuildPhase;
			buildActionMask = 2147483647;
			files = (
				EED9AA131C5DDDC900AA7A34 /* Assets.xcassets in Resources */,
			);
			runOnlyForDeploymentPostprocessing = 0;
		};
		EED9AA1A1C5DDDC900AA7A34 /* Resources */ = {
			isa = PBXResourcesBuildPhase;
			buildActionMask = 2147483647;
			files = (
			);
			runOnlyForDeploymentPostprocessing = 0;
		};
		EED9AA251C5DDDC900AA7A34 /* Resources */ = {
			isa = PBXResourcesBuildPhase;
			buildActionMask = 2147483647;
			files = (
			);
			runOnlyForDeploymentPostprocessing = 0;
		};
/* End PBXResourcesBuildPhase section */

/* Begin PBXSourcesBuildPhase section */
		EED9AA041C5DDDC900AA7A34 /* Sources */ = {
			isa = PBXSourcesBuildPhase;
			buildActionMask = 2147483647;
			files = (
				EED9AA441C61DA4600AA7A34 /* UITextViewExtension.swift in Sources */,
				EED9AA0E1C5DDDC900AA7A34 /* ViewController.swift in Sources */,
				EE2048F91C6722B700F0E1FA /* CGPointExtension.swift in Sources */,
				EE9AF6451C6314C000BCFE95 /* Ctx.swift in Sources */,
				EED9AA3E1C5DE20300AA7A34 /* Line.swift in Sources */,
				EED9AA3A1C5DDEEC00AA7A34 /* ModuleData.swift in Sources */,
				EED9AA421C5F278C00AA7A34 /* UtilFuncs.swift in Sources */,
				EED9AA0C1C5DDDC900AA7A34 /* AppDelegate.swift in Sources */,
			);
			runOnlyForDeploymentPostprocessing = 0;
		};
		EED9AA181C5DDDC900AA7A34 /* Sources */ = {
			isa = PBXSourcesBuildPhase;
			buildActionMask = 2147483647;
			files = (
				EED9AA211C5DDDC900AA7A34 /* textCtxTransitionAnimationTests.swift in Sources */,
			);
			runOnlyForDeploymentPostprocessing = 0;
		};
		EED9AA231C5DDDC900AA7A34 /* Sources */ = {
			isa = PBXSourcesBuildPhase;
			buildActionMask = 2147483647;
			files = (
				EED9AA2C1C5DDDC900AA7A34 /* textCtxTransitionAnimationUITests.swift in Sources */,
			);
			runOnlyForDeploymentPostprocessing = 0;
		};
/* End PBXSourcesBuildPhase section */

/* Begin PBXTargetDependency section */
		EED9AA1E1C5DDDC900AA7A34 /* PBXTargetDependency */ = {
			isa = PBXTargetDependency;
			target = EED9AA071C5DDDC900AA7A34 /* textCtxTransitionAnimation */;
			targetProxy = EED9AA1D1C5DDDC900AA7A34 /* PBXContainerItemProxy */;
		};
		EED9AA291C5DDDC900AA7A34 /* PBXTargetDependency */ = {
			isa = PBXTargetDependency;
			target = EED9AA071C5DDDC900AA7A34 /* textCtxTransitionAnimation */;
			targetProxy = EED9AA281C5DDDC900AA7A34 /* PBXContainerItemProxy */;
		};
/* End PBXTargetDependency section */

/* Begin XCBuildConfiguration section */
		EED9AA2E1C5DDDC900AA7A34 /* Debug */ = {
			isa = XCBuildConfiguration;
			buildSettings = {
				ALWAYS_SEARCH_USER_PATHS = NO;
				CLANG_CXX_LANGUAGE_STANDARD = "gnu++0x";
				CLANG_CXX_LIBRARY = "libc++";
				CLANG_ENABLE_MODULES = YES;
				CLANG_ENABLE_OBJC_ARC = YES;
				CLANG_WARN_BOOL_CONVERSION = YES;
				CLANG_WARN_CONSTANT_CONVERSION = YES;
				CLANG_WARN_DIRECT_OBJC_ISA_USAGE = YES_ERROR;
				CLANG_WARN_EMPTY_BODY = YES;
				CLANG_WARN_ENUM_CONVERSION = YES;
				CLANG_WARN_INT_CONVERSION = YES;
				CLANG_WARN_OBJC_ROOT_CLASS = YES_ERROR;
				CLANG_WARN_UNREACHABLE_CODE = YES;
				CLANG_WARN__DUPLICATE_METHOD_MATCH = YES;
				"CODE_SIGN_IDENTITY[sdk=iphoneos*]" = "iPhone Developer";
				COPY_PHASE_STRIP = NO;
				DEBUG_INFORMATION_FORMAT = dwarf;
				ENABLE_STRICT_OBJC_MSGSEND = YES;
				ENABLE_TESTABILITY = YES;
				GCC_C_LANGUAGE_STANDARD = gnu99;
				GCC_DYNAMIC_NO_PIC = NO;
				GCC_NO_COMMON_BLOCKS = YES;
				GCC_OPTIMIZATION_LEVEL = 0;
				GCC_PREPROCESSOR_DEFINITIONS = (
					"DEBUG=1",
					"$(inherited)",
				);
				GCC_WARN_64_TO_32_BIT_CONVERSION = YES;
				GCC_WARN_ABOUT_RETURN_TYPE = YES_ERROR;
				GCC_WARN_UNDECLARED_SELECTOR = YES;
				GCC_WARN_UNINITIALIZED_AUTOS = YES_AGGRESSIVE;
				GCC_WARN_UNUSED_FUNCTION = YES;
				GCC_WARN_UNUSED_VARIABLE = YES;
				IPHONEOS_DEPLOYMENT_TARGET = 9.2;
				MTL_ENABLE_DEBUG_INFO = YES;
				ONLY_ACTIVE_ARCH = YES;
				SDKROOT = iphoneos;
				SWIFT_OPTIMIZATION_LEVEL = "-Onone";
				TARGETED_DEVICE_FAMILY = "1,2";
			};
			name = Debug;
		};
		EED9AA2F1C5DDDC900AA7A34 /* Release */ = {
			isa = XCBuildConfiguration;
			buildSettings = {
				ALWAYS_SEARCH_USER_PATHS = NO;
				CLANG_CXX_LANGUAGE_STANDARD = "gnu++0x";
				CLANG_CXX_LIBRARY = "libc++";
				CLANG_ENABLE_MODULES = YES;
				CLANG_ENABLE_OBJC_ARC = YES;
				CLANG_WARN_BOOL_CONVERSION = YES;
				CLANG_WARN_CONSTANT_CONVERSION = YES;
				CLANG_WARN_DIRECT_OBJC_ISA_USAGE = YES_ERROR;
				CLANG_WARN_EMPTY_BODY = YES;
				CLANG_WARN_ENUM_CONVERSION = YES;
				CLANG_WARN_INT_CONVERSION = YES;
				CLANG_WARN_OBJC_ROOT_CLASS = YES_ERROR;
				CLANG_WARN_UNREACHABLE_CODE = YES;
				CLANG_WARN__DUPLICATE_METHOD_MATCH = YES;
				"CODE_SIGN_IDENTITY[sdk=iphoneos*]" = "iPhone Developer";
				COPY_PHASE_STRIP = NO;
				DEBUG_INFORMATION_FORMAT = "dwarf-with-dsym";
				ENABLE_NS_ASSERTIONS = NO;
				ENABLE_STRICT_OBJC_MSGSEND = YES;
				GCC_C_LANGUAGE_STANDARD = gnu99;
				GCC_NO_COMMON_BLOCKS = YES;
				GCC_WARN_64_TO_32_BIT_CONVERSION = YES;
				GCC_WARN_ABOUT_RETURN_TYPE = YES_ERROR;
				GCC_WARN_UNDECLARED_SELECTOR = YES;
				GCC_WARN_UNINITIALIZED_AUTOS = YES_AGGRESSIVE;
				GCC_WARN_UNUSED_FUNCTION = YES;
				GCC_WARN_UNUSED_VARIABLE = YES;
				IPHONEOS_DEPLOYMENT_TARGET = 9.2;
				MTL_ENABLE_DEBUG_INFO = NO;
				SDKROOT = iphoneos;
				TARGETED_DEVICE_FAMILY = "1,2";
				VALIDATE_PRODUCT = YES;
			};
			name = Release;
		};
		EED9AA311C5DDDC900AA7A34 /* Debug */ = {
			isa = XCBuildConfiguration;
			buildSettings = {
				ASSETCATALOG_COMPILER_APPICON_NAME = AppIcon;
				INFOPLIST_FILE = textCtxTransitionAnimation/Info.plist;
				LD_RUNPATH_SEARCH_PATHS = "$(inherited) @executable_path/Frameworks";
				PRODUCT_BUNDLE_IDENTIFIER = com.remolet.textCtxTransitionAnimation;
				PRODUCT_NAME = "$(TARGET_NAME)";
			};
			name = Debug;
		};
		EED9AA321C5DDDC900AA7A34 /* Release */ = {
			isa = XCBuildConfiguration;
			buildSettings = {
				ASSETCATALOG_COMPILER_APPICON_NAME = AppIcon;
				INFOPLIST_FILE = textCtxTransitionAnimation/Info.plist;
				LD_RUNPATH_SEARCH_PATHS = "$(inherited) @executable_path/Frameworks";
				PRODUCT_BUNDLE_IDENTIFIER = com.remolet.textCtxTransitionAnimation;
				PRODUCT_NAME = "$(TARGET_NAME)";
			};
			name = Release;
		};
		EED9AA341C5DDDC900AA7A34 /* Debug */ = {
			isa = XCBuildConfiguration;
			buildSettings = {
				BUNDLE_LOADER = "$(TEST_HOST)";
				INFOPLIST_FILE = textCtxTransitionAnimationTests/Info.plist;
				LD_RUNPATH_SEARCH_PATHS = "$(inherited) @executable_path/Frameworks @loader_path/Frameworks";
				PRODUCT_BUNDLE_IDENTIFIER = com.remolet.textCtxTransitionAnimationTests;
				PRODUCT_NAME = "$(TARGET_NAME)";
				TEST_HOST = "$(BUILT_PRODUCTS_DIR)/textCtxTransitionAnimation.app/textCtxTransitionAnimation";
			};
			name = Debug;
		};
		EED9AA351C5DDDC900AA7A34 /* Release */ = {
			isa = XCBuildConfiguration;
			buildSettings = {
				BUNDLE_LOADER = "$(TEST_HOST)";
				INFOPLIST_FILE = textCtxTransitionAnimationTests/Info.plist;
				LD_RUNPATH_SEARCH_PATHS = "$(inherited) @executable_path/Frameworks @loader_path/Frameworks";
				PRODUCT_BUNDLE_IDENTIFIER = com.remolet.textCtxTransitionAnimationTests;
				PRODUCT_NAME = "$(TARGET_NAME)";
				TEST_HOST = "$(BUILT_PRODUCTS_DIR)/textCtxTransitionAnimation.app/textCtxTransitionAnimation";
			};
			name = Release;
		};
		EED9AA371C5DDDC900AA7A34 /* Debug */ = {
			isa = XCBuildConfiguration;
			buildSettings = {
				INFOPLIST_FILE = textCtxTransitionAnimationUITests/Info.plist;
				LD_RUNPATH_SEARCH_PATHS = "$(inherited) @executable_path/Frameworks @loader_path/Frameworks";
				PRODUCT_BUNDLE_IDENTIFIER = com.remolet.textCtxTransitionAnimationUITests;
				PRODUCT_NAME = "$(TARGET_NAME)";
				TEST_TARGET_NAME = textCtxTransitionAnimation;
				USES_XCTRUNNER = YES;
			};
			name = Debug;
		};
		EED9AA381C5DDDC900AA7A34 /* Release */ = {
			isa = XCBuildConfiguration;
			buildSettings = {
				INFOPLIST_FILE = textCtxTransitionAnimationUITests/Info.plist;
				LD_RUNPATH_SEARCH_PATHS = "$(inherited) @executable_path/Frameworks @loader_path/Frameworks";
				PRODUCT_BUNDLE_IDENTIFIER = com.remolet.textCtxTransitionAnimationUITests;
				PRODUCT_NAME = "$(TARGET_NAME)";
				TEST_TARGET_NAME = textCtxTransitionAnimation;
				USES_XCTRUNNER = YES;
			};
			name = Release;
		};
/* End XCBuildConfiguration section */

/* Begin XCConfigurationList section */
		EED9AA031C5DDDC900AA7A34 /* Build configuration list for PBXProject "textCtxTransitionAnimation" */ = {
			isa = XCConfigurationList;
			buildConfigurations = (
				EED9AA2E1C5DDDC900AA7A34 /* Debug */,
				EED9AA2F1C5DDDC900AA7A34 /* Release */,
			);
			defaultConfigurationIsVisible = 0;
			defaultConfigurationName = Release;
		};
		EED9AA301C5DDDC900AA7A34 /* Build configuration list for PBXNativeTarget "textCtxTransitionAnimation" */ = {
			isa = XCConfigurationList;
			buildConfigurations = (
				EED9AA311C5DDDC900AA7A34 /* Debug */,
				EED9AA321C5DDDC900AA7A34 /* Release */,
			);
			defaultConfigurationIsVisible = 0;
			defaultConfigurationName = Release;
		};
		EED9AA331C5DDDC900AA7A34 /* Build configuration list for PBXNativeTarget "textCtxTransitionAnimationTests" */ = {
			isa = XCConfigurationList;
			buildConfigurations = (
				EED9AA341C5DDDC900AA7A34 /* Debug */,
				EED9AA351C5DDDC900AA7A34 /* Release */,
			);
			defaultConfigurationIsVisible = 0;
			defaultConfigurationName = Release;
		};
		EED9AA361C5DDDC900AA7A34 /* Build configuration list for PBXNativeTarget "textCtxTransitionAnimationUITests" */ = {
			isa = XCConfigurationList;
			buildConfigurations = (
				EED9AA371C5DDDC900AA7A34 /* Debug */,
				EED9AA381C5DDDC900AA7A34 /* Release */,
			);
			defaultConfigurationIsVisible = 0;
			defaultConfigurationName = Release;
		};
/* End XCConfigurationList section */
	};
	rootObject = EED9AA001C5DDDC900AA7A34 /* Project object */;
}
