// !$*UTF8*$!
{
	archiveVersion = 1;
	classes = {
	};
	objectVersion = 46;
	objects = {

/* Begin PBXBuildFile section */
		EEA3A91D1C9D9E5300F68ED0 /* RawSubstringFinder.swift in Sources */ = {isa = PBXBuildFile; fileRef = EEA3A91C1C9D9E5300F68ED0 /* RawSubstringFinder.swift */; };
		EEA3A9211C9D9F4900F68ED0 /* RawSubstringFinderTests.swift in Sources */ = {isa = PBXBuildFile; fileRef = EEA3A9201C9D9F4900F68ED0 /* RawSubstringFinderTests.swift */; };
		EEA3A9271C9DAC2800F68ED0 /* StringExtractorTests.swift in Sources */ = {isa = PBXBuildFile; fileRef = EEA3A9261C9DAC2800F68ED0 /* StringExtractorTests.swift */; };
		EEA3A9291C9DACAA00F68ED0 /* UnitTestHelper.swift in Sources */ = {isa = PBXBuildFile; fileRef = EEA3A9281C9DACAA00F68ED0 /* UnitTestHelper.swift */; };
		EEA3A92B1C9DAF1000F68ED0 /* NumberInDigits.swift in Sources */ = {isa = PBXBuildFile; fileRef = EEA3A92A1C9DAF1000F68ED0 /* NumberInDigits.swift */; };
		EEA3A92D1C9DB01A00F68ED0 /* Item.swift in Sources */ = {isa = PBXBuildFile; fileRef = EEA3A92C1C9DB01A00F68ED0 /* Item.swift */; };
		EEA3A9311C9DE1D400F68ED0 /* NumberInDigitsTests.swift in Sources */ = {isa = PBXBuildFile; fileRef = EEA3A9301C9DE1D400F68ED0 /* NumberInDigitsTests.swift */; };
		EEF480091C8FD84B00B09EFD /* AppDelegate.swift in Sources */ = {isa = PBXBuildFile; fileRef = EEF480081C8FD84B00B09EFD /* AppDelegate.swift */; };
		EEF4800B1C8FD84B00B09EFD /* ViewController.swift in Sources */ = {isa = PBXBuildFile; fileRef = EEF4800A1C8FD84B00B09EFD /* ViewController.swift */; };
		EEF4800E1C8FD84B00B09EFD /* Main.storyboard in Resources */ = {isa = PBXBuildFile; fileRef = EEF4800C1C8FD84B00B09EFD /* Main.storyboard */; };
		EEF480111C8FD84B00B09EFD /* StringExtractor.xcdatamodeld in Sources */ = {isa = PBXBuildFile; fileRef = EEF4800F1C8FD84B00B09EFD /* StringExtractor.xcdatamodeld */; };
		EEF480131C8FD84B00B09EFD /* Assets.xcassets in Resources */ = {isa = PBXBuildFile; fileRef = EEF480121C8FD84B00B09EFD /* Assets.xcassets */; };
		EEF480161C8FD84C00B09EFD /* LaunchScreen.storyboard in Resources */ = {isa = PBXBuildFile; fileRef = EEF480141C8FD84C00B09EFD /* LaunchScreen.storyboard */; };
		EEF4802C1C8FD84C00B09EFD /* StringExtractorUITests.swift in Sources */ = {isa = PBXBuildFile; fileRef = EEF4802B1C8FD84C00B09EFD /* StringExtractorUITests.swift */; };
		EEF4803E1C8FD89600B09EFD /* FootLockerWatcher.swift in Sources */ = {isa = PBXBuildFile; fileRef = EEF4803D1C8FD89600B09EFD /* FootLockerWatcher.swift */; };
		EEF4804A1C92078800B09EFD /* Men's_nike_performanceBasketballShoe_9.5_FootLocker_1item.txt in Resources */ = {isa = PBXBuildFile; fileRef = EEF480481C92078800B09EFD /* Men's_nike_performanceBasketballShoe_9.5_FootLocker_1item.txt */; };
		EEF4804B1C92078800B09EFD /* Men's_nike_performanceBasketballShoe_9.5_FootLocker_2items.txt in Resources */ = {isa = PBXBuildFile; fileRef = EEF480491C92078800B09EFD /* Men's_nike_performanceBasketballShoe_9.5_FootLocker_2items.txt */; };
/* End PBXBuildFile section */

/* Begin PBXContainerItemProxy section */
		EEF4801D1C8FD84C00B09EFD /* PBXContainerItemProxy */ = {
			isa = PBXContainerItemProxy;
			containerPortal = EEF47FFD1C8FD84B00B09EFD /* Project object */;
			proxyType = 1;
			remoteGlobalIDString = EEF480041C8FD84B00B09EFD;
			remoteInfo = StringExtractor;
		};
		EEF480281C8FD84C00B09EFD /* PBXContainerItemProxy */ = {
			isa = PBXContainerItemProxy;
			containerPortal = EEF47FFD1C8FD84B00B09EFD /* Project object */;
			proxyType = 1;
			remoteGlobalIDString = EEF480041C8FD84B00B09EFD;
			remoteInfo = StringExtractor;
		};
/* End PBXContainerItemProxy section */

/* Begin PBXFileReference section */
		EEA3A91C1C9D9E5300F68ED0 /* RawSubstringFinder.swift */ = {isa = PBXFileReference; fileEncoding = 4; lastKnownFileType = sourcecode.swift; path = RawSubstringFinder.swift; sourceTree = "<group>"; };
		EEA3A9201C9D9F4900F68ED0 /* RawSubstringFinderTests.swift */ = {isa = PBXFileReference; fileEncoding = 4; lastKnownFileType = sourcecode.swift; path = RawSubstringFinderTests.swift; sourceTree = "<group>"; };
		EEA3A9261C9DAC2800F68ED0 /* StringExtractorTests.swift */ = {isa = PBXFileReference; fileEncoding = 4; lastKnownFileType = sourcecode.swift; path = StringExtractorTests.swift; sourceTree = "<group>"; };
		EEA3A9281C9DACAA00F68ED0 /* UnitTestHelper.swift */ = {isa = PBXFileReference; fileEncoding = 4; lastKnownFileType = sourcecode.swift; path = UnitTestHelper.swift; sourceTree = "<group>"; };
		EEA3A92A1C9DAF1000F68ED0 /* NumberInDigits.swift */ = {isa = PBXFileReference; fileEncoding = 4; lastKnownFileType = sourcecode.swift; path = NumberInDigits.swift; sourceTree = "<group>"; };
		EEA3A92C1C9DB01A00F68ED0 /* Item.swift */ = {isa = PBXFileReference; fileEncoding = 4; lastKnownFileType = sourcecode.swift; path = Item.swift; sourceTree = "<group>"; };
		EEA3A9301C9DE1D400F68ED0 /* NumberInDigitsTests.swift */ = {isa = PBXFileReference; fileEncoding = 4; lastKnownFileType = sourcecode.swift; path = NumberInDigitsTests.swift; sourceTree = "<group>"; };
		EEF480051C8FD84B00B09EFD /* StringExtractor.app */ = {isa = PBXFileReference; explicitFileType = wrapper.application; includeInIndex = 0; path = StringExtractor.app; sourceTree = BUILT_PRODUCTS_DIR; };
		EEF480081C8FD84B00B09EFD /* AppDelegate.swift */ = {isa = PBXFileReference; lastKnownFileType = sourcecode.swift; path = AppDelegate.swift; sourceTree = "<group>"; };
		EEF4800A1C8FD84B00B09EFD /* ViewController.swift */ = {isa = PBXFileReference; lastKnownFileType = sourcecode.swift; path = ViewController.swift; sourceTree = "<group>"; };
		EEF4800D1C8FD84B00B09EFD /* Base */ = {isa = PBXFileReference; lastKnownFileType = file.storyboard; name = Base; path = Base.lproj/Main.storyboard; sourceTree = "<group>"; };
		EEF480101C8FD84B00B09EFD /* StringExtractor.xcdatamodel */ = {isa = PBXFileReference; lastKnownFileType = wrapper.xcdatamodel; path = StringExtractor.xcdatamodel; sourceTree = "<group>"; };
		EEF480121C8FD84B00B09EFD /* Assets.xcassets */ = {isa = PBXFileReference; lastKnownFileType = folder.assetcatalog; path = Assets.xcassets; sourceTree = "<group>"; };
		EEF480151C8FD84C00B09EFD /* Base */ = {isa = PBXFileReference; lastKnownFileType = file.storyboard; name = Base; path = Base.lproj/LaunchScreen.storyboard; sourceTree = "<group>"; };
		EEF480171C8FD84C00B09EFD /* Info.plist */ = {isa = PBXFileReference; lastKnownFileType = text.plist.xml; path = Info.plist; sourceTree = "<group>"; };
		EEF4801C1C8FD84C00B09EFD /* StringExtractorTests.xctest */ = {isa = PBXFileReference; explicitFileType = wrapper.cfbundle; includeInIndex = 0; path = StringExtractorTests.xctest; sourceTree = BUILT_PRODUCTS_DIR; };
		EEF480221C8FD84C00B09EFD /* Info.plist */ = {isa = PBXFileReference; lastKnownFileType = text.plist.xml; path = Info.plist; sourceTree = "<group>"; };
		EEF480271C8FD84C00B09EFD /* StringExtractorUITests.xctest */ = {isa = PBXFileReference; explicitFileType = wrapper.cfbundle; includeInIndex = 0; path = StringExtractorUITests.xctest; sourceTree = BUILT_PRODUCTS_DIR; };
		EEF4802B1C8FD84C00B09EFD /* StringExtractorUITests.swift */ = {isa = PBXFileReference; lastKnownFileType = sourcecode.swift; path = StringExtractorUITests.swift; sourceTree = "<group>"; };
		EEF4802D1C8FD84C00B09EFD /* Info.plist */ = {isa = PBXFileReference; lastKnownFileType = text.plist.xml; path = Info.plist; sourceTree = "<group>"; };
		EEF4803D1C8FD89600B09EFD /* FootLockerWatcher.swift */ = {isa = PBXFileReference; fileEncoding = 4; lastKnownFileType = sourcecode.swift; path = FootLockerWatcher.swift; sourceTree = "<group>"; };
		EEF480481C92078800B09EFD /* Men's_nike_performanceBasketballShoe_9.5_FootLocker_1item.txt */ = {isa = PBXFileReference; fileEncoding = 4; lastKnownFileType = text; path = "Men's_nike_performanceBasketballShoe_9.5_FootLocker_1item.txt"; sourceTree = "<group>"; };
		EEF480491C92078800B09EFD /* Men's_nike_performanceBasketballShoe_9.5_FootLocker_2items.txt */ = {isa = PBXFileReference; fileEncoding = 4; lastKnownFileType = text; path = "Men's_nike_performanceBasketballShoe_9.5_FootLocker_2items.txt"; sourceTree = "<group>"; };
/* End PBXFileReference section */

/* Begin PBXFrameworksBuildPhase section */
		EEF480021C8FD84B00B09EFD /* Frameworks */ = {
			isa = PBXFrameworksBuildPhase;
			buildActionMask = 2147483647;
			files = (
			);
			runOnlyForDeploymentPostprocessing = 0;
		};
		EEF480191C8FD84C00B09EFD /* Frameworks */ = {
			isa = PBXFrameworksBuildPhase;
			buildActionMask = 2147483647;
			files = (
			);
			runOnlyForDeploymentPostprocessing = 0;
		};
		EEF480241C8FD84C00B09EFD /* Frameworks */ = {
			isa = PBXFrameworksBuildPhase;
			buildActionMask = 2147483647;
			files = (
			);
			runOnlyForDeploymentPostprocessing = 0;
		};
/* End PBXFrameworksBuildPhase section */

/* Begin PBXGroup section */
		EEF47FFC1C8FD84B00B09EFD = {
			isa = PBXGroup;
			children = (
				EEF480071C8FD84B00B09EFD /* StringExtractor */,
				EEF4801F1C8FD84C00B09EFD /* StringExtractorTests */,
				EEF4802A1C8FD84C00B09EFD /* StringExtractorUITests */,
				EEF480061C8FD84B00B09EFD /* Products */,
			);
			sourceTree = "<group>";
		};
		EEF480061C8FD84B00B09EFD /* Products */ = {
			isa = PBXGroup;
			children = (
				EEF480051C8FD84B00B09EFD /* StringExtractor.app */,
				EEF4801C1C8FD84C00B09EFD /* StringExtractorTests.xctest */,
				EEF480271C8FD84C00B09EFD /* StringExtractorUITests.xctest */,
			);
			name = Products;
			sourceTree = "<group>";
		};
		EEF480071C8FD84B00B09EFD /* StringExtractor */ = {
			isa = PBXGroup;
			children = (
				EEF480081C8FD84B00B09EFD /* AppDelegate.swift */,
				EEF4800A1C8FD84B00B09EFD /* ViewController.swift */,
				EEA3A92C1C9DB01A00F68ED0 /* Item.swift */,
				EEA3A92A1C9DAF1000F68ED0 /* NumberInDigits.swift */,
				EEA3A91C1C9D9E5300F68ED0 /* RawSubstringFinder.swift */,
				EEF4803D1C8FD89600B09EFD /* FootLockerWatcher.swift */,
				EEF480451C91E2A300B09EFD /* HtmlInTxt */,
				EEF4800C1C8FD84B00B09EFD /* Main.storyboard */,
				EEF480121C8FD84B00B09EFD /* Assets.xcassets */,
				EEF480141C8FD84C00B09EFD /* LaunchScreen.storyboard */,
				EEF480171C8FD84C00B09EFD /* Info.plist */,
				EEF4800F1C8FD84B00B09EFD /* StringExtractor.xcdatamodeld */,
			);
			path = StringExtractor;
			sourceTree = "<group>";
		};
		EEF4801F1C8FD84C00B09EFD /* StringExtractorTests */ = {
			isa = PBXGroup;
			children = (
				EEF480221C8FD84C00B09EFD /* Info.plist */,
				EEA3A9301C9DE1D400F68ED0 /* NumberInDigitsTests.swift */,
				EEA3A9281C9DACAA00F68ED0 /* UnitTestHelper.swift */,
				EEA3A9261C9DAC2800F68ED0 /* StringExtractorTests.swift */,
				EEA3A9201C9D9F4900F68ED0 /* RawSubstringFinderTests.swift */,
			);
			path = StringExtractorTests;
			sourceTree = "<group>";
		};
		EEF4802A1C8FD84C00B09EFD /* StringExtractorUITests */ = {
			isa = PBXGroup;
			children = (
				EEF4802B1C8FD84C00B09EFD /* StringExtractorUITests.swift */,
				EEF4802D1C8FD84C00B09EFD /* Info.plist */,
			);
			path = StringExtractorUITests;
			sourceTree = "<group>";
		};
		EEF480451C91E2A300B09EFD /* HtmlInTxt */ = {
			isa = PBXGroup;
			children = (
				EEF480481C92078800B09EFD /* Men's_nike_performanceBasketballShoe_9.5_FootLocker_1item.txt */,
				EEF480491C92078800B09EFD /* Men's_nike_performanceBasketballShoe_9.5_FootLocker_2items.txt */,
			);
			name = HtmlInTxt;
			sourceTree = "<group>";
		};
/* End PBXGroup section */

/* Begin PBXNativeTarget section */
		EEF480041C8FD84B00B09EFD /* StringExtractor */ = {
			isa = PBXNativeTarget;
			buildConfigurationList = EEF480301C8FD84C00B09EFD /* Build configuration list for PBXNativeTarget "StringExtractor" */;
			buildPhases = (
				EEF480011C8FD84B00B09EFD /* Sources */,
				EEF480021C8FD84B00B09EFD /* Frameworks */,
				EEF480031C8FD84B00B09EFD /* Resources */,
			);
			buildRules = (
			);
			dependencies = (
			);
			name = StringExtractor;
			productName = StringExtractor;
			productReference = EEF480051C8FD84B00B09EFD /* StringExtractor.app */;
			productType = "com.apple.product-type.application";
		};
		EEF4801B1C8FD84C00B09EFD /* StringExtractorTests */ = {
			isa = PBXNativeTarget;
			buildConfigurationList = EEF480331C8FD84C00B09EFD /* Build configuration list for PBXNativeTarget "StringExtractorTests" */;
			buildPhases = (
				EEF480181C8FD84C00B09EFD /* Sources */,
				EEF480191C8FD84C00B09EFD /* Frameworks */,
				EEF4801A1C8FD84C00B09EFD /* Resources */,
			);
			buildRules = (
			);
			dependencies = (
				EEF4801E1C8FD84C00B09EFD /* PBXTargetDependency */,
			);
			name = StringExtractorTests;
			productName = StringExtractorTests;
			productReference = EEF4801C1C8FD84C00B09EFD /* StringExtractorTests.xctest */;
			productType = "com.apple.product-type.bundle.unit-test";
		};
		EEF480261C8FD84C00B09EFD /* StringExtractorUITests */ = {
			isa = PBXNativeTarget;
			buildConfigurationList = EEF480361C8FD84C00B09EFD /* Build configuration list for PBXNativeTarget "StringExtractorUITests" */;
			buildPhases = (
				EEF480231C8FD84C00B09EFD /* Sources */,
				EEF480241C8FD84C00B09EFD /* Frameworks */,
				EEF480251C8FD84C00B09EFD /* Resources */,
			);
			buildRules = (
			);
			dependencies = (
				EEF480291C8FD84C00B09EFD /* PBXTargetDependency */,
			);
			name = StringExtractorUITests;
			productName = StringExtractorUITests;
			productReference = EEF480271C8FD84C00B09EFD /* StringExtractorUITests.xctest */;
			productType = "com.apple.product-type.bundle.ui-testing";
		};
/* End PBXNativeTarget section */

/* Begin PBXProject section */
		EEF47FFD1C8FD84B00B09EFD /* Project object */ = {
			isa = PBXProject;
			attributes = {
				LastSwiftUpdateCheck = 0730;
				LastUpgradeCheck = 0730;
				ORGANIZATIONNAME = "Liwei Zhang";
				TargetAttributes = {
					EEF480041C8FD84B00B09EFD = {
						CreatedOnToolsVersion = 7.3;
					};
					EEF4801B1C8FD84C00B09EFD = {
						CreatedOnToolsVersion = 7.3;
						TestTargetID = EEF480041C8FD84B00B09EFD;
					};
					EEF480261C8FD84C00B09EFD = {
						CreatedOnToolsVersion = 7.3;
						TestTargetID = EEF480041C8FD84B00B09EFD;
					};
				};
			};
			buildConfigurationList = EEF480001C8FD84B00B09EFD /* Build configuration list for PBXProject "StringExtractor" */;
			compatibilityVersion = "Xcode 3.2";
			developmentRegion = English;
			hasScannedForEncodings = 0;
			knownRegions = (
				en,
				Base,
			);
			mainGroup = EEF47FFC1C8FD84B00B09EFD;
			productRefGroup = EEF480061C8FD84B00B09EFD /* Products */;
			projectDirPath = "";
			projectRoot = "";
			targets = (
				EEF480041C8FD84B00B09EFD /* StringExtractor */,
				EEF4801B1C8FD84C00B09EFD /* StringExtractorTests */,
				EEF480261C8FD84C00B09EFD /* StringExtractorUITests */,
			);
		};
/* End PBXProject section */

/* Begin PBXResourcesBuildPhase section */
		EEF480031C8FD84B00B09EFD /* Resources */ = {
			isa = PBXResourcesBuildPhase;
			buildActionMask = 2147483647;
			files = (
				EEF480161C8FD84C00B09EFD /* LaunchScreen.storyboard in Resources */,
				EEF4804B1C92078800B09EFD /* Men's_nike_performanceBasketballShoe_9.5_FootLocker_2items.txt in Resources */,
				EEF4804A1C92078800B09EFD /* Men's_nike_performanceBasketballShoe_9.5_FootLocker_1item.txt in Resources */,
				EEF480131C8FD84B00B09EFD /* Assets.xcassets in Resources */,
				EEF4800E1C8FD84B00B09EFD /* Main.storyboard in Resources */,
			);
			runOnlyForDeploymentPostprocessing = 0;
		};
		EEF4801A1C8FD84C00B09EFD /* Resources */ = {
			isa = PBXResourcesBuildPhase;
			buildActionMask = 2147483647;
			files = (
			);
			runOnlyForDeploymentPostprocessing = 0;
		};
		EEF480251C8FD84C00B09EFD /* Resources */ = {
			isa = PBXResourcesBuildPhase;
			buildActionMask = 2147483647;
			files = (
			);
			runOnlyForDeploymentPostprocessing = 0;
		};
/* End PBXResourcesBuildPhase section */

/* Begin PBXSourcesBuildPhase section */
		EEF480011C8FD84B00B09EFD /* Sources */ = {
			isa = PBXSourcesBuildPhase;
			buildActionMask = 2147483647;
			files = (
				EEF4803E1C8FD89600B09EFD /* FootLockerWatcher.swift in Sources */,
				EEA3A91D1C9D9E5300F68ED0 /* RawSubstringFinder.swift in Sources */,
				EEF480111C8FD84B00B09EFD /* StringExtractor.xcdatamodeld in Sources */,
				EEA3A92B1C9DAF1000F68ED0 /* NumberInDigits.swift in Sources */,
				EEA3A92D1C9DB01A00F68ED0 /* Item.swift in Sources */,
				EEF4800B1C8FD84B00B09EFD /* ViewController.swift in Sources */,
				EEF480091C8FD84B00B09EFD /* AppDelegate.swift in Sources */,
			);
			runOnlyForDeploymentPostprocessing = 0;
		};
		EEF480181C8FD84C00B09EFD /* Sources */ = {
			isa = PBXSourcesBuildPhase;
			buildActionMask = 2147483647;
			files = (
				EEA3A9271C9DAC2800F68ED0 /* StringExtractorTests.swift in Sources */,
				EEA3A9311C9DE1D400F68ED0 /* NumberInDigitsTests.swift in Sources */,
				EEA3A9211C9D9F4900F68ED0 /* RawSubstringFinderTests.swift in Sources */,
				EEA3A9291C9DACAA00F68ED0 /* UnitTestHelper.swift in Sources */,
			);
			runOnlyForDeploymentPostprocessing = 0;
		};
		EEF480231C8FD84C00B09EFD /* Sources */ = {
			isa = PBXSourcesBuildPhase;
			buildActionMask = 2147483647;
			files = (
				EEF4802C1C8FD84C00B09EFD /* StringExtractorUITests.swift in Sources */,
			);
			runOnlyForDeploymentPostprocessing = 0;
		};
/* End PBXSourcesBuildPhase section */

/* Begin PBXTargetDependency section */
		EEF4801E1C8FD84C00B09EFD /* PBXTargetDependency */ = {
			isa = PBXTargetDependency;
			target = EEF480041C8FD84B00B09EFD /* StringExtractor */;
			targetProxy = EEF4801D1C8FD84C00B09EFD /* PBXContainerItemProxy */;
		};
		EEF480291C8FD84C00B09EFD /* PBXTargetDependency */ = {
			isa = PBXTargetDependency;
			target = EEF480041C8FD84B00B09EFD /* StringExtractor */;
			targetProxy = EEF480281C8FD84C00B09EFD /* PBXContainerItemProxy */;
		};
/* End PBXTargetDependency section */

/* Begin PBXVariantGroup section */
		EEF4800C1C8FD84B00B09EFD /* Main.storyboard */ = {
			isa = PBXVariantGroup;
			children = (
				EEF4800D1C8FD84B00B09EFD /* Base */,
			);
			name = Main.storyboard;
			sourceTree = "<group>";
		};
		EEF480141C8FD84C00B09EFD /* LaunchScreen.storyboard */ = {
			isa = PBXVariantGroup;
			children = (
				EEF480151C8FD84C00B09EFD /* Base */,
			);
			name = LaunchScreen.storyboard;
			sourceTree = "<group>";
		};
/* End PBXVariantGroup section */

/* Begin XCBuildConfiguration section */
		EEF4802E1C8FD84C00B09EFD /* Debug */ = {
			isa = XCBuildConfiguration;
			buildSettings = {
				ALWAYS_SEARCH_USER_PATHS = NO;
				CLANG_ANALYZER_NONNULL = YES;
				CLANG_CXX_LANGUAGE_STANDARD = "gnu++0x";
				CLANG_CXX_LIBRARY = "libc++";
				CLANG_ENABLE_MODULES = YES;
				CLANG_ENABLE_OBJC_ARC = YES;
				CLANG_WARN_BOOL_CONVERSION = YES;
				CLANG_WARN_CONSTANT_CONVERSION = YES;
				CLANG_WARN_DIRECT_OBJC_ISA_USAGE = YES_ERROR;
				CLANG_WARN_EMPTY_BODY = YES;
				CLANG_WARN_ENUM_CONVERSION = YES;
				CLANG_WARN_INT_CONVERSION = YES;
				CLANG_WARN_OBJC_ROOT_CLASS = YES_ERROR;
				CLANG_WARN_UNREACHABLE_CODE = YES;
				CLANG_WARN__DUPLICATE_METHOD_MATCH = YES;
				"CODE_SIGN_IDENTITY[sdk=iphoneos*]" = "iPhone Developer";
				COPY_PHASE_STRIP = NO;
				DEBUG_INFORMATION_FORMAT = dwarf;
				ENABLE_STRICT_OBJC_MSGSEND = YES;
				ENABLE_TESTABILITY = YES;
				GCC_C_LANGUAGE_STANDARD = gnu99;
				GCC_DYNAMIC_NO_PIC = NO;
				GCC_NO_COMMON_BLOCKS = YES;
				GCC_OPTIMIZATION_LEVEL = 0;
				GCC_PREPROCESSOR_DEFINITIONS = (
					"DEBUG=1",
					"$(inherited)",
				);
				GCC_WARN_64_TO_32_BIT_CONVERSION = YES;
				GCC_WARN_ABOUT_RETURN_TYPE = YES_ERROR;
				GCC_WARN_UNDECLARED_SELECTOR = YES;
				GCC_WARN_UNINITIALIZED_AUTOS = YES_AGGRESSIVE;
				GCC_WARN_UNUSED_FUNCTION = YES;
				GCC_WARN_UNUSED_VARIABLE = YES;
				IPHONEOS_DEPLOYMENT_TARGET = 9.3;
				MTL_ENABLE_DEBUG_INFO = YES;
				ONLY_ACTIVE_ARCH = YES;
				SDKROOT = iphoneos;
				SWIFT_OPTIMIZATION_LEVEL = "-Onone";
				TARGETED_DEVICE_FAMILY = "1,2";
			};
			name = Debug;
		};
		EEF4802F1C8FD84C00B09EFD /* Release */ = {
			isa = XCBuildConfiguration;
			buildSettings = {
				ALWAYS_SEARCH_USER_PATHS = NO;
				CLANG_ANALYZER_NONNULL = YES;
				CLANG_CXX_LANGUAGE_STANDARD = "gnu++0x";
				CLANG_CXX_LIBRARY = "libc++";
				CLANG_ENABLE_MODULES = YES;
				CLANG_ENABLE_OBJC_ARC = YES;
				CLANG_WARN_BOOL_CONVERSION = YES;
				CLANG_WARN_CONSTANT_CONVERSION = YES;
				CLANG_WARN_DIRECT_OBJC_ISA_USAGE = YES_ERROR;
				CLANG_WARN_EMPTY_BODY = YES;
				CLANG_WARN_ENUM_CONVERSION = YES;
				CLANG_WARN_INT_CONVERSION = YES;
				CLANG_WARN_OBJC_ROOT_CLASS = YES_ERROR;
				CLANG_WARN_UNREACHABLE_CODE = YES;
				CLANG_WARN__DUPLICATE_METHOD_MATCH = YES;
				"CODE_SIGN_IDENTITY[sdk=iphoneos*]" = "iPhone Developer";
				COPY_PHASE_STRIP = NO;
				DEBUG_INFORMATION_FORMAT = "dwarf-with-dsym";
				ENABLE_NS_ASSERTIONS = NO;
				ENABLE_STRICT_OBJC_MSGSEND = YES;
				GCC_C_LANGUAGE_STANDARD = gnu99;
				GCC_NO_COMMON_BLOCKS = YES;
				GCC_WARN_64_TO_32_BIT_CONVERSION = YES;
				GCC_WARN_ABOUT_RETURN_TYPE = YES_ERROR;
				GCC_WARN_UNDECLARED_SELECTOR = YES;
				GCC_WARN_UNINITIALIZED_AUTOS = YES_AGGRESSIVE;
				GCC_WARN_UNUSED_FUNCTION = YES;
				GCC_WARN_UNUSED_VARIABLE = YES;
				IPHONEOS_DEPLOYMENT_TARGET = 9.3;
				MTL_ENABLE_DEBUG_INFO = NO;
				SDKROOT = iphoneos;
				TARGETED_DEVICE_FAMILY = "1,2";
				VALIDATE_PRODUCT = YES;
			};
			name = Release;
		};
		EEF480311C8FD84C00B09EFD /* Debug */ = {
			isa = XCBuildConfiguration;
			buildSettings = {
				ASSETCATALOG_COMPILER_APPICON_NAME = AppIcon;
				INFOPLIST_FILE = StringExtractor/Info.plist;
				LD_RUNPATH_SEARCH_PATHS = "$(inherited) @executable_path/Frameworks";
				PRODUCT_BUNDLE_IDENTIFIER = com.remolet.StringExtractor;
				PRODUCT_NAME = "$(TARGET_NAME)";
			};
			name = Debug;
		};
		EEF480321C8FD84C00B09EFD /* Release */ = {
			isa = XCBuildConfiguration;
			buildSettings = {
				ASSETCATALOG_COMPILER_APPICON_NAME = AppIcon;
				INFOPLIST_FILE = StringExtractor/Info.plist;
				LD_RUNPATH_SEARCH_PATHS = "$(inherited) @executable_path/Frameworks";
				PRODUCT_BUNDLE_IDENTIFIER = com.remolet.StringExtractor;
				PRODUCT_NAME = "$(TARGET_NAME)";
			};
			name = Release;
		};
		EEF480341C8FD84C00B09EFD /* Debug */ = {
			isa = XCBuildConfiguration;
			buildSettings = {
				BUNDLE_LOADER = "$(TEST_HOST)";
				CLANG_ENABLE_MODULES = YES;
				GCC_GENERATE_TEST_COVERAGE_FILES = YES;
				INFOPLIST_FILE = StringExtractorTests/Info.plist;
				LD_RUNPATH_SEARCH_PATHS = "$(inherited) @executable_path/Frameworks @loader_path/Frameworks";
				PRODUCT_BUNDLE_IDENTIFIER = com.remolet.StringExtractorTests;
				PRODUCT_NAME = "$(TARGET_NAME)";
				SWIFT_OPTIMIZATION_LEVEL = "-Onone";
				TEST_HOST = "$(BUILT_PRODUCTS_DIR)/StringExtractor.app/StringExtractor";
			};
			name = Debug;
		};
		EEF480351C8FD84C00B09EFD /* Release */ = {
			isa = XCBuildConfiguration;
			buildSettings = {
				BUNDLE_LOADER = "$(TEST_HOST)";
				CLANG_ENABLE_MODULES = YES;
				GCC_GENERATE_TEST_COVERAGE_FILES = YES;
				INFOPLIST_FILE = StringExtractorTests/Info.plist;
				LD_RUNPATH_SEARCH_PATHS = "$(inherited) @executable_path/Frameworks @loader_path/Frameworks";
				PRODUCT_BUNDLE_IDENTIFIER = com.remolet.StringExtractorTests;
				PRODUCT_NAME = "$(TARGET_NAME)";
				TEST_HOST = "$(BUILT_PRODUCTS_DIR)/StringExtractor.app/StringExtractor";
			};
			name = Release;
		};
		EEF480371C8FD84C00B09EFD /* Debug */ = {
			isa = XCBuildConfiguration;
			buildSettings = {
				INFOPLIST_FILE = StringExtractorUITests/Info.plist;
				LD_RUNPATH_SEARCH_PATHS = "$(inherited) @executable_path/Frameworks @loader_path/Frameworks";
				PRODUCT_BUNDLE_IDENTIFIER = com.remolet.StringExtractorUITests;
				PRODUCT_NAME = "$(TARGET_NAME)";
				TEST_TARGET_NAME = StringExtractor;
			};
			name = Debug;
		};
		EEF480381C8FD84C00B09EFD /* Release */ = {
			isa = XCBuildConfiguration;
			buildSettings = {
				INFOPLIST_FILE = StringExtractorUITests/Info.plist;
				LD_RUNPATH_SEARCH_PATHS = "$(inherited) @executable_path/Frameworks @loader_path/Frameworks";
				PRODUCT_BUNDLE_IDENTIFIER = com.remolet.StringExtractorUITests;
				PRODUCT_NAME = "$(TARGET_NAME)";
				TEST_TARGET_NAME = StringExtractor;
			};
			name = Release;
		};
/* End XCBuildConfiguration section */

/* Begin XCConfigurationList section */
		EEF480001C8FD84B00B09EFD /* Build configuration list for PBXProject "StringExtractor" */ = {
			isa = XCConfigurationList;
			buildConfigurations = (
				EEF4802E1C8FD84C00B09EFD /* Debug */,
				EEF4802F1C8FD84C00B09EFD /* Release */,
			);
			defaultConfigurationIsVisible = 0;
			defaultConfigurationName = Release;
		};
		EEF480301C8FD84C00B09EFD /* Build configuration list for PBXNativeTarget "StringExtractor" */ = {
			isa = XCConfigurationList;
			buildConfigurations = (
				EEF480311C8FD84C00B09EFD /* Debug */,
				EEF480321C8FD84C00B09EFD /* Release */,
			);
			defaultConfigurationIsVisible = 0;
			defaultConfigurationName = Release;
		};
		EEF480331C8FD84C00B09EFD /* Build configuration list for PBXNativeTarget "StringExtractorTests" */ = {
			isa = XCConfigurationList;
			buildConfigurations = (
				EEF480341C8FD84C00B09EFD /* Debug */,
				EEF480351C8FD84C00B09EFD /* Release */,
			);
			defaultConfigurationIsVisible = 0;
			defaultConfigurationName = Release;
		};
		EEF480361C8FD84C00B09EFD /* Build configuration list for PBXNativeTarget "StringExtractorUITests" */ = {
			isa = XCConfigurationList;
			buildConfigurations = (
				EEF480371C8FD84C00B09EFD /* Debug */,
				EEF480381C8FD84C00B09EFD /* Release */,
			);
			defaultConfigurationIsVisible = 0;
			defaultConfigurationName = Release;
		};
/* End XCConfigurationList section */

/* Begin XCVersionGroup section */
		EEF4800F1C8FD84B00B09EFD /* StringExtractor.xcdatamodeld */ = {
			isa = XCVersionGroup;
			children = (
				EEF480101C8FD84B00B09EFD /* StringExtractor.xcdatamodel */,
			);
			currentVersion = EEF480101C8FD84B00B09EFD /* StringExtractor.xcdatamodel */;
			path = StringExtractor.xcdatamodeld;
			sourceTree = "<group>";
			versionGroupType = wrapper.xcdatamodel;
		};
/* End XCVersionGroup section */
	};
	rootObject = EEF47FFD1C8FD84B00B09EFD /* Project object */;
}
